// !$*UTF8*$!
{
	archiveVersion = 1;
	classes = {
	};
	objectVersion = 50;
	objects = {

/* Begin PBXBuildFile section */
		181AB7E0233FD49A0073DDD6 /* AppDelegate.swift in Sources */ = {isa = PBXBuildFile; fileRef = 181AB7DF233FD49A0073DDD6 /* AppDelegate.swift */; };
		181AB7E2233FD49A0073DDD6 /* SceneDelegate.swift in Sources */ = {isa = PBXBuildFile; fileRef = 181AB7E1233FD49A0073DDD6 /* SceneDelegate.swift */; };
		181AB7E4233FD49A0073DDD6 /* ViewController.swift in Sources */ = {isa = PBXBuildFile; fileRef = 181AB7E3233FD49A0073DDD6 /* ViewController.swift */; };
		181AB7E7233FD49A0073DDD6 /* Main.storyboard in Resources */ = {isa = PBXBuildFile; fileRef = 181AB7E5233FD49A0073DDD6 /* Main.storyboard */; };
		181AB7E9233FD4B90073DDD6 /* Assets.xcassets in Resources */ = {isa = PBXBuildFile; fileRef = 181AB7E8233FD4B90073DDD6 /* Assets.xcassets */; };
		181AB7EC233FD4B90073DDD6 /* LaunchScreen.storyboard in Resources */ = {isa = PBXBuildFile; fileRef = 181AB7EA233FD4B90073DDD6 /* LaunchScreen.storyboard */; };
		181AB7F7233FD4B90073DDD6 /* tipcalcTests.swift in Sources */ = {isa = PBXBuildFile; fileRef = 181AB7F6233FD4B90073DDD6 /* tipcalcTests.swift */; };
		181AB802233FD4B90073DDD6 /* tipcalcUITests.swift in Sources */ = {isa = PBXBuildFile; fileRef = 181AB801233FD4B90073DDD6 /* tipcalcUITests.swift */; };
/* End PBXBuildFile section */

/* Begin PBXContainerItemProxy section */
		181AB7F3233FD4B90073DDD6 /* PBXContainerItemProxy */ = {
			isa = PBXContainerItemProxy;
			containerPortal = 181AB7D4233FD49A0073DDD6 /* Project object */;
			proxyType = 1;
			remoteGlobalIDString = 181AB7DB233FD49A0073DDD6;
			remoteInfo = tipcalc;
		};
		181AB7FE233FD4B90073DDD6 /* PBXContainerItemProxy */ = {
			isa = PBXContainerItemProxy;
			containerPortal = 181AB7D4233FD49A0073DDD6 /* Project object */;
			proxyType = 1;
			remoteGlobalIDString = 181AB7DB233FD49A0073DDD6;
			remoteInfo = tipcalc;
		};
/* End PBXContainerItemProxy section */

/* Begin PBXFileReference section */
		181AB7DC233FD49A0073DDD6 /* tipcalc.app */ = {isa = PBXFileReference; explicitFileType = wrapper.application; includeInIndex = 0; path = tipcalc.app; sourceTree = BUILT_PRODUCTS_DIR; };
		181AB7DF233FD49A0073DDD6 /* AppDelegate.swift */ = {isa = PBXFileReference; lastKnownFileType = sourcecode.swift; path = AppDelegate.swift; sourceTree = "<group>"; };
		181AB7E1233FD49A0073DDD6 /* SceneDelegate.swift */ = {isa = PBXFileReference; lastKnownFileType = sourcecode.swift; path = SceneDelegate.swift; sourceTree = "<group>"; };
		181AB7E3233FD49A0073DDD6 /* ViewController.swift */ = {isa = PBXFileReference; lastKnownFileType = sourcecode.swift; path = ViewController.swift; sourceTree = "<group>"; };
		181AB7E6233FD49A0073DDD6 /* Base */ = {isa = PBXFileReference; lastKnownFileType = file.storyboard; name = Base; path = Base.lproj/Main.storyboard; sourceTree = "<group>"; };
		181AB7E8233FD4B90073DDD6 /* Assets.xcassets */ = {isa = PBXFileReference; lastKnownFileType = folder.assetcatalog; path = Assets.xcassets; sourceTree = "<group>"; };
		181AB7EB233FD4B90073DDD6 /* Base */ = {isa = PBXFileReference; lastKnownFileType = file.storyboard; name = Base; path = Base.lproj/LaunchScreen.storyboard; sourceTree = "<group>"; };
		181AB7ED233FD4B90073DDD6 /* Info.plist */ = {isa = PBXFileReference; lastKnownFileType = text.plist.xml; path = Info.plist; sourceTree = "<group>"; };
		181AB7F2233FD4B90073DDD6 /* tipcalcTests.xctest */ = {isa = PBXFileReference; explicitFileType = wrapper.cfbundle; includeInIndex = 0; path = tipcalcTests.xctest; sourceTree = BUILT_PRODUCTS_DIR; };
		181AB7F6233FD4B90073DDD6 /* tipcalcTests.swift */ = {isa = PBXFileReference; lastKnownFileType = sourcecode.swift; path = tipcalcTests.swift; sourceTree = "<group>"; };
		181AB7F8233FD4B90073DDD6 /* Info.plist */ = {isa = PBXFileReference; lastKnownFileType = text.plist.xml; path = Info.plist; sourceTree = "<group>"; };
		181AB7FD233FD4B90073DDD6 /* tipcalcUITests.xctest */ = {isa = PBXFileReference; explicitFileType = wrapper.cfbundle; includeInIndex = 0; path = tipcalcUITests.xctest; sourceTree = BUILT_PRODUCTS_DIR; };
		181AB801233FD4B90073DDD6 /* tipcalcUITests.swift */ = {isa = PBXFileReference; lastKnownFileType = sourcecode.swift; path = tipcalcUITests.swift; sourceTree = "<group>"; };
		181AB803233FD4B90073DDD6 /* Info.plist */ = {isa = PBXFileReference; lastKnownFileType = text.plist.xml; path = Info.plist; sourceTree = "<group>"; };
/* End PBXFileReference section */

/* Begin PBXFrameworksBuildPhase section */
		181AB7D9233FD49A0073DDD6 /* Frameworks */ = {
			isa = PBXFrameworksBuildPhase;
			buildActionMask = 2147483647;
			files = (
			);
			runOnlyForDeploymentPostprocessing = 0;
		};
		181AB7EF233FD4B90073DDD6 /* Frameworks */ = {
			isa = PBXFrameworksBuildPhase;
			buildActionMask = 2147483647;
			files = (
			);
			runOnlyForDeploymentPostprocessing = 0;
		};
		181AB7FA233FD4B90073DDD6 /* Frameworks */ = {
			isa = PBXFrameworksBuildPhase;
			buildActionMask = 2147483647;
			files = (
			);
			runOnlyForDeploymentPostprocessing = 0;
		};
/* End PBXFrameworksBuildPhase section */

/* Begin PBXGroup section */
		181AB7D3233FD4990073DDD6 = {
			isa = PBXGroup;
			children = (
				181AB7DE233FD49A0073DDD6 /* tipcalc */,
				181AB7F5233FD4B90073DDD6 /* tipcalcTests */,
				181AB800233FD4B90073DDD6 /* tipcalcUITests */,
				181AB7DD233FD49A0073DDD6 /* Products */,
			);
			sourceTree = "<group>";
		};
		181AB7DD233FD49A0073DDD6 /* Products */ = {
			isa = PBXGroup;
			children = (
				181AB7DC233FD49A0073DDD6 /* tipcalc.app */,
				181AB7F2233FD4B90073DDD6 /* tipcalcTests.xctest */,
				181AB7FD233FD4B90073DDD6 /* tipcalcUITests.xctest */,
			);
			name = Products;
			sourceTree = "<group>";
		};
		181AB7DE233FD49A0073DDD6 /* tipcalc */ = {
			isa = PBXGroup;
			children = (
				181AB7DF233FD49A0073DDD6 /* AppDelegate.swift */,
				181AB7E1233FD49A0073DDD6 /* SceneDelegate.swift */,
				181AB7E3233FD49A0073DDD6 /* ViewController.swift */,
				181AB7E5233FD49A0073DDD6 /* Main.storyboard */,
				181AB7E8233FD4B90073DDD6 /* Assets.xcassets */,
				181AB7EA233FD4B90073DDD6 /* LaunchScreen.storyboard */,
				181AB7ED233FD4B90073DDD6 /* Info.plist */,
			);
			path = tipcalc;
			sourceTree = "<group>";
		};
		181AB7F5233FD4B90073DDD6 /* tipcalcTests */ = {
			isa = PBXGroup;
			children = (
				181AB7F6233FD4B90073DDD6 /* tipcalcTests.swift */,
				181AB7F8233FD4B90073DDD6 /* Info.plist */,
			);
			path = tipcalcTests;
			sourceTree = "<group>";
		};
		181AB800233FD4B90073DDD6 /* tipcalcUITests */ = {
			isa = PBXGroup;
			children = (
				181AB801233FD4B90073DDD6 /* tipcalcUITests.swift */,
				181AB803233FD4B90073DDD6 /* Info.plist */,
			);
			path = tipcalcUITests;
			sourceTree = "<group>";
		};
/* End PBXGroup section */

/* Begin PBXNativeTarget section */
		181AB7DB233FD49A0073DDD6 /* tipcalc */ = {
			isa = PBXNativeTarget;
			buildConfigurationList = 181AB806233FD4B90073DDD6 /* Build configuration list for PBXNativeTarget "tipcalc" */;
			buildPhases = (
				181AB7D8233FD49A0073DDD6 /* Sources */,
				181AB7D9233FD49A0073DDD6 /* Frameworks */,
				181AB7DA233FD49A0073DDD6 /* Resources */,
			);
			buildRules = (
			);
			dependencies = (
			);
			name = tipcalc;
			productName = tipcalc;
			productReference = 181AB7DC233FD49A0073DDD6 /* tipcalc.app */;
			productType = "com.apple.product-type.application";
		};
		181AB7F1233FD4B90073DDD6 /* tipcalcTests */ = {
			isa = PBXNativeTarget;
			buildConfigurationList = 181AB809233FD4B90073DDD6 /* Build configuration list for PBXNativeTarget "tipcalcTests" */;
			buildPhases = (
				181AB7EE233FD4B90073DDD6 /* Sources */,
				181AB7EF233FD4B90073DDD6 /* Frameworks */,
				181AB7F0233FD4B90073DDD6 /* Resources */,
			);
			buildRules = (
			);
			dependencies = (
				181AB7F4233FD4B90073DDD6 /* PBXTargetDependency */,
			);
			name = tipcalcTests;
			productName = tipcalcTests;
			productReference = 181AB7F2233FD4B90073DDD6 /* tipcalcTests.xctest */;
			productType = "com.apple.product-type.bundle.unit-test";
		};
		181AB7FC233FD4B90073DDD6 /* tipcalcUITests */ = {
			isa = PBXNativeTarget;
			buildConfigurationList = 181AB80C233FD4B90073DDD6 /* Build configuration list for PBXNativeTarget "tipcalcUITests" */;
			buildPhases = (
				181AB7F9233FD4B90073DDD6 /* Sources */,
				181AB7FA233FD4B90073DDD6 /* Frameworks */,
				181AB7FB233FD4B90073DDD6 /* Resources */,
			);
			buildRules = (
			);
			dependencies = (
				181AB7FF233FD4B90073DDD6 /* PBXTargetDependency */,
			);
			name = tipcalcUITests;
			productName = tipcalcUITests;
			productReference = 181AB7FD233FD4B90073DDD6 /* tipcalcUITests.xctest */;
			productType = "com.apple.product-type.bundle.ui-testing";
		};
/* End PBXNativeTarget section */

/* Begin PBXProject section */
		181AB7D4233FD49A0073DDD6 /* Project object */ = {
			isa = PBXProject;
			attributes = {
				LastSwiftUpdateCheck = 1100;
				LastUpgradeCheck = 1100;
				ORGANIZATIONNAME = dan;
				TargetAttributes = {
					181AB7DB233FD49A0073DDD6 = {
						CreatedOnToolsVersion = 11.0;
					};
					181AB7F1233FD4B90073DDD6 = {
						CreatedOnToolsVersion = 11.0;
						TestTargetID = 181AB7DB233FD49A0073DDD6;
					};
					181AB7FC233FD4B90073DDD6 = {
						CreatedOnToolsVersion = 11.0;
						TestTargetID = 181AB7DB233FD49A0073DDD6;
					};
				};
			};
			buildConfigurationList = 181AB7D7233FD49A0073DDD6 /* Build configuration list for PBXProject "tipcalc" */;
			compatibilityVersion = "Xcode 9.3";
			developmentRegion = en;
			hasScannedForEncodings = 0;
			knownRegions = (
				en,
				Base,
			);
			mainGroup = 181AB7D3233FD4990073DDD6;
			productRefGroup = 181AB7DD233FD49A0073DDD6 /* Products */;
			projectDirPath = "";
			projectRoot = "";
			targets = (
				181AB7DB233FD49A0073DDD6 /* tipcalc */,
				181AB7F1233FD4B90073DDD6 /* tipcalcTests */,
				181AB7FC233FD4B90073DDD6 /* tipcalcUITests */,
			);
		};
/* End PBXProject section */

/* Begin PBXResourcesBuildPhase section */
		181AB7DA233FD49A0073DDD6 /* Resources */ = {
			isa = PBXResourcesBuildPhase;
			buildActionMask = 2147483647;
			files = (
				181AB7EC233FD4B90073DDD6 /* LaunchScreen.storyboard in Resources */,
				181AB7E9233FD4B90073DDD6 /* Assets.xcassets in Resources */,
				181AB7E7233FD49A0073DDD6 /* Main.storyboard in Resources */,
			);
			runOnlyForDeploymentPostprocessing = 0;
		};
		181AB7F0233FD4B90073DDD6 /* Resources */ = {
			isa = PBXResourcesBuildPhase;
			buildActionMask = 2147483647;
			files = (
			);
			runOnlyForDeploymentPostprocessing = 0;
		};
		181AB7FB233FD4B90073DDD6 /* Resources */ = {
			isa = PBXResourcesBuildPhase;
			buildActionMask = 2147483647;
			files = (
			);
			runOnlyForDeploymentPostprocessing = 0;
		};
/* End PBXResourcesBuildPhase section */

/* Begin PBXSourcesBuildPhase section */
		181AB7D8233FD49A0073DDD6 /* Sources */ = {
			isa = PBXSourcesBuildPhase;
			buildActionMask = 2147483647;
			files = (
				181AB7E4233FD49A0073DDD6 /* ViewController.swift in Sources */,
				181AB7E0233FD49A0073DDD6 /* AppDelegate.swift in Sources */,
				181AB7E2233FD49A0073DDD6 /* SceneDelegate.swift in Sources */,
			);
			runOnlyForDeploymentPostprocessing = 0;
		};
		181AB7EE233FD4B90073DDD6 /* Sources */ = {
			isa = PBXSourcesBuildPhase;
			buildActionMask = 2147483647;
			files = (
				181AB7F7233FD4B90073DDD6 /* tipcalcTests.swift in Sources */,
			);
			runOnlyForDeploymentPostprocessing = 0;
		};
		181AB7F9233FD4B90073DDD6 /* Sources */ = {
			isa = PBXSourcesBuildPhase;
			buildActionMask = 2147483647;
			files = (
				181AB802233FD4B90073DDD6 /* tipcalcUITests.swift in Sources */,
			);
			runOnlyForDeploymentPostprocessing = 0;
		};
/* End PBXSourcesBuildPhase section */

/* Begin PBXTargetDependency section */
		181AB7F4233FD4B90073DDD6 /* PBXTargetDependency */ = {
			isa = PBXTargetDependency;
			target = 181AB7DB233FD49A0073DDD6 /* tipcalc */;
			targetProxy = 181AB7F3233FD4B90073DDD6 /* PBXContainerItemProxy */;
		};
		181AB7FF233FD4B90073DDD6 /* PBXTargetDependency */ = {
			isa = PBXTargetDependency;
			target = 181AB7DB233FD49A0073DDD6 /* tipcalc */;
			targetProxy = 181AB7FE233FD4B90073DDD6 /* PBXContainerItemProxy */;
		};
/* End PBXTargetDependency section */

/* Begin PBXVariantGroup section */
		181AB7E5233FD49A0073DDD6 /* Main.storyboard */ = {
			isa = PBXVariantGroup;
			children = (
				181AB7E6233FD49A0073DDD6 /* Base */,
			);
			name = Main.storyboard;
			sourceTree = "<group>";
		};
		181AB7EA233FD4B90073DDD6 /* LaunchScreen.storyboard */ = {
			isa = PBXVariantGroup;
			children = (
				181AB7EB233FD4B90073DDD6 /* Base */,
			);
			name = LaunchScreen.storyboard;
			sourceTree = "<group>";
		};
/* End PBXVariantGroup section */

/* Begin XCBuildConfiguration section */
		181AB804233FD4B90073DDD6 /* Debug */ = {
			isa = XCBuildConfiguration;
			buildSettings = {
				ALWAYS_SEARCH_USER_PATHS = NO;
				CLANG_ANALYZER_NONNULL = YES;
				CLANG_ANALYZER_NUMBER_OBJECT_CONVERSION = YES_AGGRESSIVE;
				CLANG_CXX_LANGUAGE_STANDARD = "gnu++14";
				CLANG_CXX_LIBRARY = "libc++";
				CLANG_ENABLE_MODULES = YES;
				CLANG_ENABLE_OBJC_ARC = YES;
				CLANG_ENABLE_OBJC_WEAK = YES;
				CLANG_WARN_BLOCK_CAPTURE_AUTORELEASING = YES;
				CLANG_WARN_BOOL_CONVERSION = YES;
				CLANG_WARN_COMMA = YES;
				CLANG_WARN_CONSTANT_CONVERSION = YES;
				CLANG_WARN_DEPRECATED_OBJC_IMPLEMENTATIONS = YES;
				CLANG_WARN_DIRECT_OBJC_ISA_USAGE = YES_ERROR;
				CLANG_WARN_DOCUMENTATION_COMMENTS = YES;
				CLANG_WARN_EMPTY_BODY = YES;
				CLANG_WARN_ENUM_CONVERSION = YES;
				CLANG_WARN_INFINITE_RECURSION = YES;
				CLANG_WARN_INT_CONVERSION = YES;
				CLANG_WARN_NON_LITERAL_NULL_CONVERSION = YES;
				CLANG_WARN_OBJC_IMPLICIT_RETAIN_SELF = YES;
				CLANG_WARN_OBJC_LITERAL_CONVERSION = YES;
				CLANG_WARN_OBJC_ROOT_CLASS = YES_ERROR;
				CLANG_WARN_RANGE_LOOP_ANALYSIS = YES;
				CLANG_WARN_STRICT_PROTOTYPES = YES;
				CLANG_WARN_SUSPICIOUS_MOVE = YES;
				CLANG_WARN_UNGUARDED_AVAILABILITY = YES_AGGRESSIVE;
				CLANG_WARN_UNREACHABLE_CODE = YES;
				CLANG_WARN__DUPLICATE_METHOD_MATCH = YES;
				COPY_PHASE_STRIP = NO;
				DEBUG_INFORMATION_FORMAT = dwarf;
				ENABLE_STRICT_OBJC_MSGSEND = YES;
				ENABLE_TESTABILITY = YES;
				GCC_C_LANGUAGE_STANDARD = gnu11;
				GCC_DYNAMIC_NO_PIC = NO;
				GCC_NO_COMMON_BLOCKS = YES;
				GCC_OPTIMIZATION_LEVEL = 0;
				GCC_PREPROCESSOR_DEFINITIONS = (
					"DEBUG=1",
					"$(inherited)",
				);
				GCC_WARN_64_TO_32_BIT_CONVERSION = YES;
				GCC_WARN_ABOUT_RETURN_TYPE = YES_ERROR;
				GCC_WARN_UNDECLARED_SELECTOR = YES;
				GCC_WARN_UNINITIALIZED_AUTOS = YES_AGGRESSIVE;
				GCC_WARN_UNUSED_FUNCTION = YES;
				GCC_WARN_UNUSED_VARIABLE = YES;
				IPHONEOS_DEPLOYMENT_TARGET = 13.0;
				MTL_ENABLE_DEBUG_INFO = INCLUDE_SOURCE;
				MTL_FAST_MATH = YES;
				ONLY_ACTIVE_ARCH = YES;
				SDKROOT = iphoneos;
				SWIFT_ACTIVE_COMPILATION_CONDITIONS = DEBUG;
				SWIFT_OPTIMIZATION_LEVEL = "-Onone";
			};
			name = Debug;
		};
		181AB805233FD4B90073DDD6 /* Release */ = {
			isa = XCBuildConfiguration;
			buildSettings = {
				ALWAYS_SEARCH_USER_PATHS = NO;
				CLANG_ANALYZER_NONNULL = YES;
				CLANG_ANALYZER_NUMBER_OBJECT_CONVERSION = YES_AGGRESSIVE;
				CLANG_CXX_LANGUAGE_STANDARD = "gnu++14";
				CLANG_CXX_LIBRARY = "libc++";
				CLANG_ENABLE_MODULES = YES;
				CLANG_ENABLE_OBJC_ARC = YES;
				CLANG_ENABLE_OBJC_WEAK = YES;
				CLANG_WARN_BLOCK_CAPTURE_AUTORELEASING = YES;
				CLANG_WARN_BOOL_CONVERSION = YES;
				CLANG_WARN_COMMA = YES;
				CLANG_WARN_CONSTANT_CONVERSION = YES;
				CLANG_WARN_DEPRECATED_OBJC_IMPLEMENTATIONS = YES;
				CLANG_WARN_DIRECT_OBJC_ISA_USAGE = YES_ERROR;
				CLANG_WARN_DOCUMENTATION_COMMENTS = YES;
				CLANG_WARN_EMPTY_BODY = YES;
				CLANG_WARN_ENUM_CONVERSION = YES;
				CLANG_WARN_INFINITE_RECURSION = YES;
				CLANG_WARN_INT_CONVERSION = YES;
				CLANG_WARN_NON_LITERAL_NULL_CONVERSION = YES;
				CLANG_WARN_OBJC_IMPLICIT_RETAIN_SELF = YES;
				CLANG_WARN_OBJC_LITERAL_CONVERSION = YES;
				CLANG_WARN_OBJC_ROOT_CLASS = YES_ERROR;
				CLANG_WARN_RANGE_LOOP_ANALYSIS = YES;
				CLANG_WARN_STRICT_PROTOTYPES = YES;
				CLANG_WARN_SUSPICIOUS_MOVE = YES;
				CLANG_WARN_UNGUARDED_AVAILABILITY = YES_AGGRESSIVE;
				CLANG_WARN_UNREACHABLE_CODE = YES;
				CLANG_WARN__DUPLICATE_METHOD_MATCH = YES;
				COPY_PHASE_STRIP = NO;
				DEBUG_INFORMATION_FORMAT = "dwarf-with-dsym";
				ENABLE_NS_ASSERTIONS = NO;
				ENABLE_STRICT_OBJC_MSGSEND = YES;
				GCC_C_LANGUAGE_STANDARD = gnu11;
				GCC_NO_COMMON_BLOCKS = YES;
				GCC_WARN_64_TO_32_BIT_CONVERSION = YES;
				GCC_WARN_ABOUT_RETURN_TYPE = YES_ERROR;
				GCC_WARN_UNDECLARED_SELECTOR = YES;
				GCC_WARN_UNINITIALIZED_AUTOS = YES_AGGRESSIVE;
				GCC_WARN_UNUSED_FUNCTION = YES;
				GCC_WARN_UNUSED_VARIABLE = YES;
				IPHONEOS_DEPLOYMENT_TARGET = 13.0;
				MTL_ENABLE_DEBUG_INFO = NO;
				MTL_FAST_MATH = YES;
				SDKROOT = iphoneos;
				SWIFT_COMPILATION_MODE = wholemodule;
				SWIFT_OPTIMIZATION_LEVEL = "-O";
				VALIDATE_PRODUCT = YES;
			};
			name = Release;
		};
		181AB807233FD4B90073DDD6 /* Debug */ = {
			isa = XCBuildConfiguration;
			buildSettings = {
				ASSETCATALOG_COMPILER_APPICON_NAME = AppIcon;
				CODE_SIGN_STYLE = Automatic;
				INFOPLIST_FILE = tipcalc/Info.plist;
				LD_RUNPATH_SEARCH_PATHS = (
					"$(inherited)",
					"@executable_path/Frameworks",
				);
				PRODUCT_BUNDLE_IDENTIFIER = codepath.tipcalc;
				PRODUCT_NAME = "$(TARGET_NAME)";
				SWIFT_VERSION = 5.0;
				TARGETED_DEVICE_FAMILY = "1,2";
			};
			name = Debug;
		};
		181AB808233FD4B90073DDD6 /* Release */ = {
			isa = XCBuildConfiguration;
			buildSettings = {
				ASSETCATALOG_COMPILER_APPICON_NAME = AppIcon;
				CODE_SIGN_STYLE = Automatic;
				INFOPLIST_FILE = tipcalc/Info.plist;
				LD_RUNPATH_SEARCH_PATHS = (
					"$(inherited)",
					"@executable_path/Frameworks",
				);
				PRODUCT_BUNDLE_IDENTIFIER = codepath.tipcalc;
				PRODUCT_NAME = "$(TARGET_NAME)";
				SWIFT_VERSION = 5.0;
				TARGETED_DEVICE_FAMILY = "1,2";
			};
			name = Release;
		};
		181AB80A233FD4B90073DDD6 /* Debug */ = {
			isa = XCBuildConfiguration;
			buildSettings = {
				ALWAYS_EMBED_SWIFT_STANDARD_LIBRARIES = YES;
				BUNDLE_LOADER = "$(TEST_HOST)";
				CODE_SIGN_STYLE = Automatic;
				INFOPLIST_FILE = tipcalcTests/Info.plist;
				IPHONEOS_DEPLOYMENT_TARGET = 13.0;
				LD_RUNPATH_SEARCH_PATHS = (
					"$(inherited)",
					"@executable_path/Frameworks",
					"@loader_path/Frameworks",
				);
				PRODUCT_BUNDLE_IDENTIFIER = codepath.tipcalcTests;
				PRODUCT_NAME = "$(TARGET_NAME)";
				SWIFT_VERSION = 5.0;
				TARGETED_DEVICE_FAMILY = "1,2";
				TEST_HOST = "$(BUILT_PRODUCTS_DIR)/tipcalc.app/tipcalc";
			};
			name = Debug;
		};
		181AB80B233FD4B90073DDD6 /* Release */ = {
			isa = XCBuildConfiguration;
			buildSettings = {
				ALWAYS_EMBED_SWIFT_STANDARD_LIBRARIES = YES;
				BUNDLE_LOADER = "$(TEST_HOST)";
				CODE_SIGN_STYLE = Automatic;
				INFOPLIST_FILE = tipcalcTests/Info.plist;
				IPHONEOS_DEPLOYMENT_TARGET = 13.0;
				LD_RUNPATH_SEARCH_PATHS = (
					"$(inherited)",
					"@executable_path/Frameworks",
					"@loader_path/Frameworks",
				);
				PRODUCT_BUNDLE_IDENTIFIER = codepath.tipcalcTests;
				PRODUCT_NAME = "$(TARGET_NAME)";
				SWIFT_VERSION = 5.0;
				TARGETED_DEVICE_FAMILY = "1,2";
				TEST_HOST = "$(BUILT_PRODUCTS_DIR)/tipcalc.app/tipcalc";
			};
			name = Release;
		};
		181AB80D233FD4B90073DDD6 /* Debug */ = {
			isa = XCBuildConfiguration;
			buildSettings = {
				ALWAYS_EMBED_SWIFT_STANDARD_LIBRARIES = YES;
				CODE_SIGN_STYLE = Automatic;
				INFOPLIST_FILE = tipcalcUITests/Info.plist;
				LD_RUNPATH_SEARCH_PATHS = (
					"$(inherited)",
					"@executable_path/Frameworks",
					"@loader_path/Frameworks",
				);
				PRODUCT_BUNDLE_IDENTIFIER = codepath.tipcalcUITests;
				PRODUCT_NAME = "$(TARGET_NAME)";
				SWIFT_VERSION = 5.0;
				TARGETED_DEVICE_FAMILY = "1,2";
				TEST_TARGET_NAME = tipcalc;
			};
			name = Debug;
		};
		181AB80E233FD4B90073DDD6 /* Release */ = {
			isa = XCBuildConfiguration;
			buildSettings = {
				ALWAYS_EMBED_SWIFT_STANDARD_LIBRARIES = YES;
				CODE_SIGN_STYLE = Automatic;
				INFOPLIST_FILE = tipcalcUITests/Info.plist;
				LD_RUNPATH_SEARCH_PATHS = (
					"$(inherited)",
					"@executable_path/Frameworks",
					"@loader_path/Frameworks",
				);
				PRODUCT_BUNDLE_IDENTIFIER = codepath.tipcalcUITests;
				PRODUCT_NAME = "$(TARGET_NAME)";
				SWIFT_VERSION = 5.0;
				TARGETED_DEVICE_FAMILY = "1,2";
				TEST_TARGET_NAME = tipcalc;
			};
			name = Release;
		};
/* End XCBuildConfiguration section */

/* Begin XCConfigurationList section */
		181AB7D7233FD49A0073DDD6 /* Build configuration list for PBXProject "tipcalc" */ = {
			isa = XCConfigurationList;
			buildConfigurations = (
				181AB804233FD4B90073DDD6 /* Debug */,
				181AB805233FD4B90073DDD6 /* Release */,
			);
			defaultConfigurationIsVisible = 0;
			defaultConfigurationName = Release;
		};
		181AB806233FD4B90073DDD6 /* Build configuration list for PBXNativeTarget "tipcalc" */ = {
			isa = XCConfigurationList;
			buildConfigurations = (
				181AB807233FD4B90073DDD6 /* Debug */,
				181AB808233FD4B90073DDD6 /* Release */,
			);
			defaultConfigurationIsVisible = 0;
			defaultConfigurationName = Release;
		};
		181AB809233FD4B90073DDD6 /* Build configuration list for PBXNativeTarget "tipcalcTests" */ = {
			isa = XCConfigurationList;
			buildConfigurations = (
				181AB80A233FD4B90073DDD6 /* Debug */,
				181AB80B233FD4B90073DDD6 /* Release */,
			);
			defaultConfigurationIsVisible = 0;
			defaultConfigurationName = Release;
		};
		181AB80C233FD4B90073DDD6 /* Build configuration list for PBXNativeTarget "tipcalcUITests" */ = {
			isa = XCConfigurationList;
			buildConfigurations = (
				181AB80D233FD4B90073DDD6 /* Debug */,
				181AB80E233FD4B90073DDD6 /* Release */,
			);
			defaultConfigurationIsVisible = 0;
			defaultConfigurationName = Release;
		};
/* End XCConfigurationList section */
	};
	rootObject = 181AB7D4233FD49A0073DDD6 /* Project object */;
}
